// !$*UTF8*$!
{
	archiveVersion = 1;
	classes = {
	};
	objectVersion = 56;
	objects = {

/* Begin PBXBuildFile section */
		8587452829D7125E00FBA8EE /* Realm in Frameworks */ = {isa = PBXBuildFile; productRef = 8587452729D7125E00FBA8EE /* Realm */; };
		8587452A29D7125E00FBA8EE /* RealmSwift in Frameworks */ = {isa = PBXBuildFile; productRef = 8587452929D7125E00FBA8EE /* RealmSwift */; };
		8587452D29D7130900FBA8EE /* Data.swift in Sources */ = {isa = PBXBuildFile; fileRef = 8587452C29D7130900FBA8EE /* Data.swift */; };
		85C0F4CC29DC8F710005F40E /* Alamofire in Frameworks */ = {isa = PBXBuildFile; productRef = 85C0F4CB29DC8F710005F40E /* Alamofire */; };
		85D9C0EB29C9FCBF0023C400 /* AppDelegate.swift in Sources */ = {isa = PBXBuildFile; fileRef = 85D9C0EA29C9FCBF0023C400 /* AppDelegate.swift */; };
		85D9C0ED29C9FCBF0023C400 /* SceneDelegate.swift in Sources */ = {isa = PBXBuildFile; fileRef = 85D9C0EC29C9FCBF0023C400 /* SceneDelegate.swift */; };
		85D9C0F229C9FCBF0023C400 /* Main.storyboard in Resources */ = {isa = PBXBuildFile; fileRef = 85D9C0F029C9FCBF0023C400 /* Main.storyboard */; };
		85D9C0F429C9FCC00023C400 /* Assets.xcassets in Resources */ = {isa = PBXBuildFile; fileRef = 85D9C0F329C9FCC00023C400 /* Assets.xcassets */; };
		85D9C0F729C9FCC00023C400 /* LaunchScreen.storyboard in Resources */ = {isa = PBXBuildFile; fileRef = 85D9C0F529C9FCC00023C400 /* LaunchScreen.storyboard */; };
		85D9C10229C9FD5C0023C400 /* SignInController.swift in Sources */ = {isa = PBXBuildFile; fileRef = 85D9C10129C9FD5C0023C400 /* SignInController.swift */; };
		85EFCE8C29D5F6F30016120B /* FollowersController.swift in Sources */ = {isa = PBXBuildFile; fileRef = 85EFCE8B29D5F6F30016120B /* FollowersController.swift */; };
		85EFCE8F29D5F7DE0016120B /* FollowerCell.swift in Sources */ = {isa = PBXBuildFile; fileRef = 85EFCE8E29D5F7DE0016120B /* FollowerCell.swift */; };
		85EFCE9229D6BA970016120B /* FollowersManager.swift in Sources */ = {isa = PBXBuildFile; fileRef = 85EFCE9129D6BA970016120B /* FollowersManager.swift */; };
		85EFCE9429D6BB850016120B /* FollowersModel.swift in Sources */ = {isa = PBXBuildFile; fileRef = 85EFCE9329D6BB850016120B /* FollowersModel.swift */; };
		85EFCE9629D6C01E0016120B /* FollowersHeader.swift in Sources */ = {isa = PBXBuildFile; fileRef = 85EFCE9529D6C01E0016120B /* FollowersHeader.swift */; };
		85EFCE9929D6C3260016120B /* FollowerViewModel.swift in Sources */ = {isa = PBXBuildFile; fileRef = 85EFCE9829D6C3260016120B /* FollowerViewModel.swift */; };
		85EFCE9B29D6C61E0016120B /* UserManager.swift in Sources */ = {isa = PBXBuildFile; fileRef = 85EFCE9A29D6C61E0016120B /* UserManager.swift */; };
		85EFCE9D29D6C9270016120B /* HeaderViewModel.swift in Sources */ = {isa = PBXBuildFile; fileRef = 85EFCE9C29D6C9270016120B /* HeaderViewModel.swift */; };
		85EFCEA129D6D6910016120B /* UserService.swift in Sources */ = {isa = PBXBuildFile; fileRef = 85EFCEA029D6D6910016120B /* UserService.swift */; };
		85EFCEA629D6D8FD0016120B /* User.swift in Sources */ = {isa = PBXBuildFile; fileRef = 85EFCEA529D6D8FD0016120B /* User.swift */; };
		BD15F1BFAE380ADF037A4A02 /* Pods_GitHubFollowers.framework in Frameworks */ = {isa = PBXBuildFile; fileRef = 41531E05BE5C8C7A09C4039D /* Pods_GitHubFollowers.framework */; };
/* End PBXBuildFile section */

/* Begin PBXFileReference section */
		41531E05BE5C8C7A09C4039D /* Pods_GitHubFollowers.framework */ = {isa = PBXFileReference; explicitFileType = wrapper.framework; includeInIndex = 0; path = Pods_GitHubFollowers.framework; sourceTree = BUILT_PRODUCTS_DIR; };
		820B48AF57B2062C5A262E5A /* Pods-GitHubFollowers.debug.xcconfig */ = {isa = PBXFileReference; includeInIndex = 1; lastKnownFileType = text.xcconfig; name = "Pods-GitHubFollowers.debug.xcconfig"; path = "Target Support Files/Pods-GitHubFollowers/Pods-GitHubFollowers.debug.xcconfig"; sourceTree = "<group>"; };
		8587452C29D7130900FBA8EE /* Data.swift */ = {isa = PBXFileReference; lastKnownFileType = sourcecode.swift; path = Data.swift; sourceTree = "<group>"; };
		85D9C0E729C9FCBF0023C400 /* GitHubFollowers.app */ = {isa = PBXFileReference; explicitFileType = wrapper.application; includeInIndex = 0; path = GitHubFollowers.app; sourceTree = BUILT_PRODUCTS_DIR; };
		85D9C0EA29C9FCBF0023C400 /* AppDelegate.swift */ = {isa = PBXFileReference; lastKnownFileType = sourcecode.swift; path = AppDelegate.swift; sourceTree = "<group>"; };
		85D9C0EC29C9FCBF0023C400 /* SceneDelegate.swift */ = {isa = PBXFileReference; lastKnownFileType = sourcecode.swift; path = SceneDelegate.swift; sourceTree = "<group>"; };
		85D9C0F129C9FCBF0023C400 /* Base */ = {isa = PBXFileReference; lastKnownFileType = file.storyboard; name = Base; path = Base.lproj/Main.storyboard; sourceTree = "<group>"; };
		85D9C0F329C9FCC00023C400 /* Assets.xcassets */ = {isa = PBXFileReference; lastKnownFileType = folder.assetcatalog; path = Assets.xcassets; sourceTree = "<group>"; };
		85D9C0F629C9FCC00023C400 /* Base */ = {isa = PBXFileReference; lastKnownFileType = file.storyboard; name = Base; path = Base.lproj/LaunchScreen.storyboard; sourceTree = "<group>"; };
		85D9C0F829C9FCC00023C400 /* Info.plist */ = {isa = PBXFileReference; lastKnownFileType = text.plist.xml; path = Info.plist; sourceTree = "<group>"; };
		85D9C10129C9FD5C0023C400 /* SignInController.swift */ = {isa = PBXFileReference; lastKnownFileType = sourcecode.swift; path = SignInController.swift; sourceTree = "<group>"; };
		85EFCE8B29D5F6F30016120B /* FollowersController.swift */ = {isa = PBXFileReference; lastKnownFileType = sourcecode.swift; path = FollowersController.swift; sourceTree = "<group>"; };
		85EFCE8E29D5F7DE0016120B /* FollowerCell.swift */ = {isa = PBXFileReference; lastKnownFileType = sourcecode.swift; path = FollowerCell.swift; sourceTree = "<group>"; };
		85EFCE9129D6BA970016120B /* FollowersManager.swift */ = {isa = PBXFileReference; lastKnownFileType = sourcecode.swift; path = FollowersManager.swift; sourceTree = "<group>"; };
		85EFCE9329D6BB850016120B /* FollowersModel.swift */ = {isa = PBXFileReference; lastKnownFileType = sourcecode.swift; path = FollowersModel.swift; sourceTree = "<group>"; };
		85EFCE9529D6C01E0016120B /* FollowersHeader.swift */ = {isa = PBXFileReference; lastKnownFileType = sourcecode.swift; path = FollowersHeader.swift; sourceTree = "<group>"; };
		85EFCE9829D6C3260016120B /* FollowerViewModel.swift */ = {isa = PBXFileReference; lastKnownFileType = sourcecode.swift; path = FollowerViewModel.swift; sourceTree = "<group>"; };
		85EFCE9A29D6C61E0016120B /* UserManager.swift */ = {isa = PBXFileReference; lastKnownFileType = sourcecode.swift; path = UserManager.swift; sourceTree = "<group>"; };
		85EFCE9C29D6C9270016120B /* HeaderViewModel.swift */ = {isa = PBXFileReference; lastKnownFileType = sourcecode.swift; path = HeaderViewModel.swift; sourceTree = "<group>"; };
		85EFCEA029D6D6910016120B /* UserService.swift */ = {isa = PBXFileReference; lastKnownFileType = sourcecode.swift; path = UserService.swift; sourceTree = "<group>"; };
		85EFCEA529D6D8FD0016120B /* User.swift */ = {isa = PBXFileReference; lastKnownFileType = sourcecode.swift; path = User.swift; sourceTree = "<group>"; };
		A984651FD30D445AD39CBD64 /* Pods-GitHubFollowers.release.xcconfig */ = {isa = PBXFileReference; includeInIndex = 1; lastKnownFileType = text.xcconfig; name = "Pods-GitHubFollowers.release.xcconfig"; path = "Target Support Files/Pods-GitHubFollowers/Pods-GitHubFollowers.release.xcconfig"; sourceTree = "<group>"; };
/* End PBXFileReference section */

/* Begin PBXFrameworksBuildPhase section */
		85D9C0E429C9FCBF0023C400 /* Frameworks */ = {
			isa = PBXFrameworksBuildPhase;
			buildActionMask = 2147483647;
			files = (
				8587452A29D7125E00FBA8EE /* RealmSwift in Frameworks */,
				85C0F4CC29DC8F710005F40E /* Alamofire in Frameworks */,
				8587452829D7125E00FBA8EE /* Realm in Frameworks */,
				BD15F1BFAE380ADF037A4A02 /* Pods_GitHubFollowers.framework in Frameworks */,
			);
			runOnlyForDeploymentPostprocessing = 0;
		};
/* End PBXFrameworksBuildPhase section */

/* Begin PBXGroup section */
		04514B7C837271F4CAFC04AF /* Pods */ = {
			isa = PBXGroup;
			children = (
				820B48AF57B2062C5A262E5A /* Pods-GitHubFollowers.debug.xcconfig */,
				A984651FD30D445AD39CBD64 /* Pods-GitHubFollowers.release.xcconfig */,
			);
			path = Pods;
			sourceTree = "<group>";
		};
		0D2046CF753069240F59368E /* Frameworks */ = {
			isa = PBXGroup;
			children = (
				41531E05BE5C8C7A09C4039D /* Pods_GitHubFollowers.framework */,
			);
			name = Frameworks;
			sourceTree = "<group>";
		};
		8587452B29D7130400FBA8EE /* DatModel */ = {
			isa = PBXGroup;
			children = (
				8587452C29D7130900FBA8EE /* Data.swift */,
			);
			path = DatModel;
			sourceTree = "<group>";
		};
		85D9C0DE29C9FCBF0023C400 = {
			isa = PBXGroup;
			children = (
				85D9C0E929C9FCBF0023C400 /* GitHubFollowers */,
				85D9C0E829C9FCBF0023C400 /* Products */,
				04514B7C837271F4CAFC04AF /* Pods */,
				0D2046CF753069240F59368E /* Frameworks */,
			);
			sourceTree = "<group>";
		};
		85D9C0E829C9FCBF0023C400 /* Products */ = {
			isa = PBXGroup;
			children = (
				85D9C0E729C9FCBF0023C400 /* GitHubFollowers.app */,
			);
			name = Products;
			sourceTree = "<group>";
		};
		85D9C0E929C9FCBF0023C400 /* GitHubFollowers */ = {
			isa = PBXGroup;
			children = (
				8587452B29D7130400FBA8EE /* DatModel */,
				85EFCE9729D6C31B0016120B /* ViewModel */,
				85EFCE9029D6BA8A0016120B /* API */,
				85D9C10729CA08420023C400 /* SupportingFiles */,
				85D9C10029C9FD430023C400 /* Controller */,
				85D9C0FF29C9FD3F0023C400 /* View */,
				85D9C0FE29C9FD390023C400 /* Model */,
				85D9C0F029C9FCBF0023C400 /* Main.storyboard */,
				85D9C0F329C9FCC00023C400 /* Assets.xcassets */,
				85D9C0F529C9FCC00023C400 /* LaunchScreen.storyboard */,
				85D9C0F829C9FCC00023C400 /* Info.plist */,
			);
			path = GitHubFollowers;
			sourceTree = "<group>";
		};
		85D9C0FE29C9FD390023C400 /* Model */ = {
			isa = PBXGroup;
			children = (
				85EFCE9329D6BB850016120B /* FollowersModel.swift */,
				85EFCEA529D6D8FD0016120B /* User.swift */,
			);
			path = Model;
			sourceTree = "<group>";
		};
		85D9C0FF29C9FD3F0023C400 /* View */ = {
			isa = PBXGroup;
			children = (
				85EFCE8E29D5F7DE0016120B /* FollowerCell.swift */,
				85EFCE9529D6C01E0016120B /* FollowersHeader.swift */,
			);
			path = View;
			sourceTree = "<group>";
		};
		85D9C10029C9FD430023C400 /* Controller */ = {
			isa = PBXGroup;
			children = (
				85D9C10129C9FD5C0023C400 /* SignInController.swift */,
				85EFCE8B29D5F6F30016120B /* FollowersController.swift */,
			);
			path = Controller;
			sourceTree = "<group>";
		};
		85D9C10729CA08420023C400 /* SupportingFiles */ = {
			isa = PBXGroup;
			children = (
				85D9C0EC29C9FCBF0023C400 /* SceneDelegate.swift */,
				85D9C0EA29C9FCBF0023C400 /* AppDelegate.swift */,
			);
			path = SupportingFiles;
			sourceTree = "<group>";
		};
		85EFCE9029D6BA8A0016120B /* API */ = {
			isa = PBXGroup;
			children = (
				85EFCE9129D6BA970016120B /* FollowersManager.swift */,
				85EFCE9A29D6C61E0016120B /* UserManager.swift */,
				85EFCEA029D6D6910016120B /* UserService.swift */,
			);
			path = API;
			sourceTree = "<group>";
		};
		85EFCE9729D6C31B0016120B /* ViewModel */ = {
			isa = PBXGroup;
			children = (
				85EFCE9829D6C3260016120B /* FollowerViewModel.swift */,
				85EFCE9C29D6C9270016120B /* HeaderViewModel.swift */,
			);
			path = ViewModel;
			sourceTree = "<group>";
		};
/* End PBXGroup section */

/* Begin PBXNativeTarget section */
		85D9C0E629C9FCBF0023C400 /* GitHubFollowers */ = {
			isa = PBXNativeTarget;
			buildConfigurationList = 85D9C0FB29C9FCC00023C400 /* Build configuration list for PBXNativeTarget "GitHubFollowers" */;
			buildPhases = (
				74C32CAAA97EFC48DE81F77C /* [CP] Check Pods Manifest.lock */,
				85D9C0E329C9FCBF0023C400 /* Sources */,
				85D9C0E429C9FCBF0023C400 /* Frameworks */,
				85D9C0E529C9FCBF0023C400 /* Resources */,
				C06ED9E487A8E7118573C3AD /* [CP] Embed Pods Frameworks */,
			);
			buildRules = (
			);
			dependencies = (
			);
			name = GitHubFollowers;
			packageProductDependencies = (
				8587452729D7125E00FBA8EE /* Realm */,
				8587452929D7125E00FBA8EE /* RealmSwift */,
				85C0F4CB29DC8F710005F40E /* Alamofire */,
			);
			productName = GitHubFollowers;
			productReference = 85D9C0E729C9FCBF0023C400 /* GitHubFollowers.app */;
			productType = "com.apple.product-type.application";
		};
/* End PBXNativeTarget section */

/* Begin PBXProject section */
		85D9C0DF29C9FCBF0023C400 /* Project object */ = {
			isa = PBXProject;
			attributes = {
				BuildIndependentTargetsInParallel = 1;
				LastSwiftUpdateCheck = 1420;
				LastUpgradeCheck = 1420;
				TargetAttributes = {
					85D9C0E629C9FCBF0023C400 = {
						CreatedOnToolsVersion = 14.2;
					};
				};
			};
			buildConfigurationList = 85D9C0E229C9FCBF0023C400 /* Build configuration list for PBXProject "GitHubFollowers" */;
			compatibilityVersion = "Xcode 14.0";
			developmentRegion = en;
			hasScannedForEncodings = 0;
			knownRegions = (
				en,
				Base,
			);
			mainGroup = 85D9C0DE29C9FCBF0023C400;
			packageReferences = (
				8587452629D7125E00FBA8EE /* XCRemoteSwiftPackageReference "realm-swift" */,
				85C0F4CA29DC8F710005F40E /* XCRemoteSwiftPackageReference "Alamofire" */,
			);
			productRefGroup = 85D9C0E829C9FCBF0023C400 /* Products */;
			projectDirPath = "";
			projectRoot = "";
			targets = (
				85D9C0E629C9FCBF0023C400 /* GitHubFollowers */,
			);
		};
/* End PBXProject section */

/* Begin PBXResourcesBuildPhase section */
		85D9C0E529C9FCBF0023C400 /* Resources */ = {
			isa = PBXResourcesBuildPhase;
			buildActionMask = 2147483647;
			files = (
				85D9C0F729C9FCC00023C400 /* LaunchScreen.storyboard in Resources */,
				85D9C0F429C9FCC00023C400 /* Assets.xcassets in Resources */,
				85D9C0F229C9FCBF0023C400 /* Main.storyboard in Resources */,
			);
			runOnlyForDeploymentPostprocessing = 0;
		};
/* End PBXResourcesBuildPhase section */

/* Begin PBXShellScriptBuildPhase section */
		74C32CAAA97EFC48DE81F77C /* [CP] Check Pods Manifest.lock */ = {
			isa = PBXShellScriptBuildPhase;
			buildActionMask = 2147483647;
			files = (
			);
			inputFileListPaths = (
			);
			inputPaths = (
				"${PODS_PODFILE_DIR_PATH}/Podfile.lock",
				"${PODS_ROOT}/Manifest.lock",
			);
			name = "[CP] Check Pods Manifest.lock";
			outputFileListPaths = (
			);
			outputPaths = (
				"$(DERIVED_FILE_DIR)/Pods-GitHubFollowers-checkManifestLockResult.txt",
			);
			runOnlyForDeploymentPostprocessing = 0;
			shellPath = /bin/sh;
			shellScript = "diff \"${PODS_PODFILE_DIR_PATH}/Podfile.lock\" \"${PODS_ROOT}/Manifest.lock\" > /dev/null\nif [ $? != 0 ] ; then\n    # print error to STDERR\n    echo \"error: The sandbox is not in sync with the Podfile.lock. Run 'pod install' or update your CocoaPods installation.\" >&2\n    exit 1\nfi\n# This output is used by Xcode 'outputs' to avoid re-running this script phase.\necho \"SUCCESS\" > \"${SCRIPT_OUTPUT_FILE_0}\"\n";
			showEnvVarsInLog = 0;
		};
		C06ED9E487A8E7118573C3AD /* [CP] Embed Pods Frameworks */ = {
			isa = PBXShellScriptBuildPhase;
			buildActionMask = 2147483647;
			files = (
			);
			inputFileListPaths = (
				"${PODS_ROOT}/Target Support Files/Pods-GitHubFollowers/Pods-GitHubFollowers-frameworks-${CONFIGURATION}-input-files.xcfilelist",
			);
			name = "[CP] Embed Pods Frameworks";
			outputFileListPaths = (
				"${PODS_ROOT}/Target Support Files/Pods-GitHubFollowers/Pods-GitHubFollowers-frameworks-${CONFIGURATION}-output-files.xcfilelist",
			);
			runOnlyForDeploymentPostprocessing = 0;
			shellPath = /bin/sh;
			shellScript = "\"${PODS_ROOT}/Target Support Files/Pods-GitHubFollowers/Pods-GitHubFollowers-frameworks.sh\"\n";
			showEnvVarsInLog = 0;
		};
/* End PBXShellScriptBuildPhase section */

/* Begin PBXSourcesBuildPhase section */
		85D9C0E329C9FCBF0023C400 /* Sources */ = {
			isa = PBXSourcesBuildPhase;
			buildActionMask = 2147483647;
			files = (
				85D9C10229C9FD5C0023C400 /* SignInController.swift in Sources */,
				8587452D29D7130900FBA8EE /* Data.swift in Sources */,
				85EFCE8C29D5F6F30016120B /* FollowersController.swift in Sources */,
				85EFCE8F29D5F7DE0016120B /* FollowerCell.swift in Sources */,
				85D9C0EB29C9FCBF0023C400 /* AppDelegate.swift in Sources */,
				85D9C0ED29C9FCBF0023C400 /* SceneDelegate.swift in Sources */,
				85EFCE9929D6C3260016120B /* FollowerViewModel.swift in Sources */,
				85EFCEA629D6D8FD0016120B /* User.swift in Sources */,
				85EFCE9429D6BB850016120B /* FollowersModel.swift in Sources */,
				85EFCE9629D6C01E0016120B /* FollowersHeader.swift in Sources */,
				85EFCEA129D6D6910016120B /* UserService.swift in Sources */,
				85EFCE9B29D6C61E0016120B /* UserManager.swift in Sources */,
				85EFCE9229D6BA970016120B /* FollowersManager.swift in Sources */,
				85EFCE9D29D6C9270016120B /* HeaderViewModel.swift in Sources */,
			);
			runOnlyForDeploymentPostprocessing = 0;
		};
/* End PBXSourcesBuildPhase section */

/* Begin PBXVariantGroup section */
		85D9C0F029C9FCBF0023C400 /* Main.storyboard */ = {
			isa = PBXVariantGroup;
			children = (
				85D9C0F129C9FCBF0023C400 /* Base */,
			);
			name = Main.storyboard;
			sourceTree = "<group>";
		};
		85D9C0F529C9FCC00023C400 /* LaunchScreen.storyboard */ = {
			isa = PBXVariantGroup;
			children = (
				85D9C0F629C9FCC00023C400 /* Base */,
			);
			name = LaunchScreen.storyboard;
			sourceTree = "<group>";
		};
/* End PBXVariantGroup section */

/* Begin XCBuildConfiguration section */
		85D9C0F929C9FCC00023C400 /* Debug */ = {
			isa = XCBuildConfiguration;
			buildSettings = {
				ALWAYS_SEARCH_USER_PATHS = NO;
				CLANG_ANALYZER_NONNULL = YES;
				CLANG_ANALYZER_NUMBER_OBJECT_CONVERSION = YES_AGGRESSIVE;
				CLANG_CXX_LANGUAGE_STANDARD = "gnu++20";
				CLANG_ENABLE_MODULES = YES;
				CLANG_ENABLE_OBJC_ARC = YES;
				CLANG_ENABLE_OBJC_WEAK = YES;
				CLANG_WARN_BLOCK_CAPTURE_AUTORELEASING = YES;
				CLANG_WARN_BOOL_CONVERSION = YES;
				CLANG_WARN_COMMA = YES;
				CLANG_WARN_CONSTANT_CONVERSION = YES;
				CLANG_WARN_DEPRECATED_OBJC_IMPLEMENTATIONS = YES;
				CLANG_WARN_DIRECT_OBJC_ISA_USAGE = YES_ERROR;
				CLANG_WARN_DOCUMENTATION_COMMENTS = YES;
				CLANG_WARN_EMPTY_BODY = YES;
				CLANG_WARN_ENUM_CONVERSION = YES;
				CLANG_WARN_INFINITE_RECURSION = YES;
				CLANG_WARN_INT_CONVERSION = YES;
				CLANG_WARN_NON_LITERAL_NULL_CONVERSION = YES;
				CLANG_WARN_OBJC_IMPLICIT_RETAIN_SELF = YES;
				CLANG_WARN_OBJC_LITERAL_CONVERSION = YES;
				CLANG_WARN_OBJC_ROOT_CLASS = YES_ERROR;
				CLANG_WARN_QUOTED_INCLUDE_IN_FRAMEWORK_HEADER = YES;
				CLANG_WARN_RANGE_LOOP_ANALYSIS = YES;
				CLANG_WARN_STRICT_PROTOTYPES = YES;
				CLANG_WARN_SUSPICIOUS_MOVE = YES;
				CLANG_WARN_UNGUARDED_AVAILABILITY = YES_AGGRESSIVE;
				CLANG_WARN_UNREACHABLE_CODE = YES;
				CLANG_WARN__DUPLICATE_METHOD_MATCH = YES;
				COPY_PHASE_STRIP = NO;
				DEBUG_INFORMATION_FORMAT = dwarf;
				ENABLE_STRICT_OBJC_MSGSEND = YES;
				ENABLE_TESTABILITY = YES;
				GCC_C_LANGUAGE_STANDARD = gnu11;
				GCC_DYNAMIC_NO_PIC = NO;
				GCC_NO_COMMON_BLOCKS = YES;
				GCC_OPTIMIZATION_LEVEL = 0;
				GCC_PREPROCESSOR_DEFINITIONS = (
					"DEBUG=1",
					"$(inherited)",
				);
				GCC_WARN_64_TO_32_BIT_CONVERSION = YES;
				GCC_WARN_ABOUT_RETURN_TYPE = YES_ERROR;
				GCC_WARN_UNDECLARED_SELECTOR = YES;
				GCC_WARN_UNINITIALIZED_AUTOS = YES_AGGRESSIVE;
				GCC_WARN_UNUSED_FUNCTION = YES;
				GCC_WARN_UNUSED_VARIABLE = YES;
				IPHONEOS_DEPLOYMENT_TARGET = 16.2;
				MTL_ENABLE_DEBUG_INFO = INCLUDE_SOURCE;
				MTL_FAST_MATH = YES;
				ONLY_ACTIVE_ARCH = YES;
				SDKROOT = iphoneos;
				SWIFT_ACTIVE_COMPILATION_CONDITIONS = DEBUG;
				SWIFT_OPTIMIZATION_LEVEL = "-Onone";
			};
			name = Debug;
		};
		85D9C0FA29C9FCC00023C400 /* Release */ = {
			isa = XCBuildConfiguration;
			buildSettings = {
				ALWAYS_SEARCH_USER_PATHS = NO;
				CLANG_ANALYZER_NONNULL = YES;
				CLANG_ANALYZER_NUMBER_OBJECT_CONVERSION = YES_AGGRESSIVE;
				CLANG_CXX_LANGUAGE_STANDARD = "gnu++20";
				CLANG_ENABLE_MODULES = YES;
				CLANG_ENABLE_OBJC_ARC = YES;
				CLANG_ENABLE_OBJC_WEAK = YES;
				CLANG_WARN_BLOCK_CAPTURE_AUTORELEASING = YES;
				CLANG_WARN_BOOL_CONVERSION = YES;
				CLANG_WARN_COMMA = YES;
				CLANG_WARN_CONSTANT_CONVERSION = YES;
				CLANG_WARN_DEPRECATED_OBJC_IMPLEMENTATIONS = YES;
				CLANG_WARN_DIRECT_OBJC_ISA_USAGE = YES_ERROR;
				CLANG_WARN_DOCUMENTATION_COMMENTS = YES;
				CLANG_WARN_EMPTY_BODY = YES;
				CLANG_WARN_ENUM_CONVERSION = YES;
				CLANG_WARN_INFINITE_RECURSION = YES;
				CLANG_WARN_INT_CONVERSION = YES;
				CLANG_WARN_NON_LITERAL_NULL_CONVERSION = YES;
				CLANG_WARN_OBJC_IMPLICIT_RETAIN_SELF = YES;
				CLANG_WARN_OBJC_LITERAL_CONVERSION = YES;
				CLANG_WARN_OBJC_ROOT_CLASS = YES_ERROR;
				CLANG_WARN_QUOTED_INCLUDE_IN_FRAMEWORK_HEADER = YES;
				CLANG_WARN_RANGE_LOOP_ANALYSIS = YES;
				CLANG_WARN_STRICT_PROTOTYPES = YES;
				CLANG_WARN_SUSPICIOUS_MOVE = YES;
				CLANG_WARN_UNGUARDED_AVAILABILITY = YES_AGGRESSIVE;
				CLANG_WARN_UNREACHABLE_CODE = YES;
				CLANG_WARN__DUPLICATE_METHOD_MATCH = YES;
				COPY_PHASE_STRIP = NO;
				DEBUG_INFORMATION_FORMAT = "dwarf-with-dsym";
				ENABLE_NS_ASSERTIONS = NO;
				ENABLE_STRICT_OBJC_MSGSEND = YES;
				GCC_C_LANGUAGE_STANDARD = gnu11;
				GCC_NO_COMMON_BLOCKS = YES;
				GCC_WARN_64_TO_32_BIT_CONVERSION = YES;
				GCC_WARN_ABOUT_RETURN_TYPE = YES_ERROR;
				GCC_WARN_UNDECLARED_SELECTOR = YES;
				GCC_WARN_UNINITIALIZED_AUTOS = YES_AGGRESSIVE;
				GCC_WARN_UNUSED_FUNCTION = YES;
				GCC_WARN_UNUSED_VARIABLE = YES;
				IPHONEOS_DEPLOYMENT_TARGET = 16.2;
				MTL_ENABLE_DEBUG_INFO = NO;
				MTL_FAST_MATH = YES;
				SDKROOT = iphoneos;
				SWIFT_COMPILATION_MODE = wholemodule;
				SWIFT_OPTIMIZATION_LEVEL = "-O";
				VALIDATE_PRODUCT = YES;
			};
			name = Release;
		};
		85D9C0FC29C9FCC00023C400 /* Debug */ = {
			isa = XCBuildConfiguration;
			baseConfigurationReference = 820B48AF57B2062C5A262E5A /* Pods-GitHubFollowers.debug.xcconfig */;
			buildSettings = {
				ASSETCATALOG_COMPILER_APPICON_NAME = AppIcon;
				ASSETCATALOG_COMPILER_GLOBAL_ACCENT_COLOR_NAME = AccentColor;
				CODE_SIGN_STYLE = Automatic;
				CURRENT_PROJECT_VERSION = 1;
				DEVELOPMENT_TEAM = PNL8X2N9J2;
				GENERATE_INFOPLIST_FILE = YES;
				INFOPLIST_FILE = GitHubFollowers/Info.plist;
				INFOPLIST_KEY_UIApplicationSupportsIndirectInputEvents = YES;
				INFOPLIST_KEY_UILaunchStoryboardName = LaunchScreen;
				INFOPLIST_KEY_UIMainStoryboardFile = Main;
				INFOPLIST_KEY_UISupportedInterfaceOrientations_iPad = "UIInterfaceOrientationPortrait UIInterfaceOrientationPortraitUpsideDown UIInterfaceOrientationLandscapeLeft UIInterfaceOrientationLandscapeRight";
				INFOPLIST_KEY_UISupportedInterfaceOrientations_iPhone = "UIInterfaceOrientationPortrait UIInterfaceOrientationLandscapeLeft UIInterfaceOrientationLandscapeRight";
				IPHONEOS_DEPLOYMENT_TARGET = 15.5;
				LD_RUNPATH_SEARCH_PATHS = (
					"$(inherited)",
					"@executable_path/Frameworks",
				);
				MARKETING_VERSION = 1.0;
				PRODUCT_BUNDLE_IDENTIFIER = com.vladimiroff.GitHubFollowers;
				PRODUCT_NAME = "$(TARGET_NAME)";
				SUPPORTED_PLATFORMS = "iphoneos iphonesimulator";
				SUPPORTS_MACCATALYST = NO;
				SUPPORTS_MAC_DESIGNED_FOR_IPHONE_IPAD = NO;
				SWIFT_EMIT_LOC_STRINGS = YES;
				SWIFT_VERSION = 5.0;
				TARGETED_DEVICE_FAMILY = "1,2";
			};
			name = Debug;
		};
		85D9C0FD29C9FCC00023C400 /* Release */ = {
			isa = XCBuildConfiguration;
			baseConfigurationReference = A984651FD30D445AD39CBD64 /* Pods-GitHubFollowers.release.xcconfig */;
			buildSettings = {
				ASSETCATALOG_COMPILER_APPICON_NAME = AppIcon;
				ASSETCATALOG_COMPILER_GLOBAL_ACCENT_COLOR_NAME = AccentColor;
				CODE_SIGN_STYLE = Automatic;
				CURRENT_PROJECT_VERSION = 1;
				DEVELOPMENT_TEAM = PNL8X2N9J2;
				GENERATE_INFOPLIST_FILE = YES;
				INFOPLIST_FILE = GitHubFollowers/Info.plist;
				INFOPLIST_KEY_UIApplicationSupportsIndirectInputEvents = YES;
				INFOPLIST_KEY_UILaunchStoryboardName = LaunchScreen;
				INFOPLIST_KEY_UIMainStoryboardFile = Main;
				INFOPLIST_KEY_UISupportedInterfaceOrientations_iPad = "UIInterfaceOrientationPortrait UIInterfaceOrientationPortraitUpsideDown UIInterfaceOrientationLandscapeLeft UIInterfaceOrientationLandscapeRight";
				INFOPLIST_KEY_UISupportedInterfaceOrientations_iPhone = "UIInterfaceOrientationPortrait UIInterfaceOrientationLandscapeLeft UIInterfaceOrientationLandscapeRight";
				IPHONEOS_DEPLOYMENT_TARGET = 15.5;
				LD_RUNPATH_SEARCH_PATHS = (
					"$(inherited)",
					"@executable_path/Frameworks",
				);
				MARKETING_VERSION = 1.0;
				PRODUCT_BUNDLE_IDENTIFIER = com.vladimiroff.GitHubFollowers;
				PRODUCT_NAME = "$(TARGET_NAME)";
				SUPPORTED_PLATFORMS = "iphoneos iphonesimulator";
				SUPPORTS_MACCATALYST = NO;
				SUPPORTS_MAC_DESIGNED_FOR_IPHONE_IPAD = NO;
				SWIFT_EMIT_LOC_STRINGS = YES;
				SWIFT_VERSION = 5.0;
				TARGETED_DEVICE_FAMILY = "1,2";
			};
			name = Release;
		};
/* End XCBuildConfiguration section */

/* Begin XCConfigurationList section */
		85D9C0E229C9FCBF0023C400 /* Build configuration list for PBXProject "GitHubFollowers" */ = {
			isa = XCConfigurationList;
			buildConfigurations = (
				85D9C0F929C9FCC00023C400 /* Debug */,
				85D9C0FA29C9FCC00023C400 /* Release */,
			);
			defaultConfigurationIsVisible = 0;
			defaultConfigurationName = Release;
		};
		85D9C0FB29C9FCC00023C400 /* Build configuration list for PBXNativeTarget "GitHubFollowers" */ = {
			isa = XCConfigurationList;
			buildConfigurations = (
				85D9C0FC29C9FCC00023C400 /* Debug */,
				85D9C0FD29C9FCC00023C400 /* Release */,
			);
			defaultConfigurationIsVisible = 0;
			defaultConfigurationName = Release;
		};
/* End XCConfigurationList section */

/* Begin XCRemoteSwiftPackageReference section */
		8587452629D7125E00FBA8EE /* XCRemoteSwiftPackageReference "realm-swift" */ = {
			isa = XCRemoteSwiftPackageReference;
			repositoryURL = "https://github.com/realm/realm-swift.git";
			requirement = {
				kind = upToNextMajorVersion;
				minimumVersion = 10.37.2;
			};
		};
		85C0F4CA29DC8F710005F40E /* XCRemoteSwiftPackageReference "Alamofire" */ = {
			isa = XCRemoteSwiftPackageReference;
			repositoryURL = "https://github.com/Alamofire/Alamofire.git";
			requirement = {
				kind = upToNextMajorVersion;
				minimumVersion = 5.0.0;
			};
		};
/* End XCRemoteSwiftPackageReference section */

/* Begin XCSwiftPackageProductDependency section */
		8587452729D7125E00FBA8EE /* Realm */ = {
			isa = XCSwiftPackageProductDependency;
			package = 8587452629D7125E00FBA8EE /* XCRemoteSwiftPackageReference "realm-swift" */;
			productName = Realm;
		};
		8587452929D7125E00FBA8EE /* RealmSwift */ = {
			isa = XCSwiftPackageProductDependency;
			package = 8587452629D7125E00FBA8EE /* XCRemoteSwiftPackageReference "realm-swift" */;
			productName = RealmSwift;
		};
		85C0F4CB29DC8F710005F40E /* Alamofire */ = {
			isa = XCSwiftPackageProductDependency;
			package = 85C0F4CA29DC8F710005F40E /* XCRemoteSwiftPackageReference "Alamofire" */;
			productName = Alamofire;
		};
/* End XCSwiftPackageProductDependency section */
	};
	rootObject = 85D9C0DF29C9FCBF0023C400 /* Project object */;
}
